
Microsoft Visual Studio Solution File, Format Version 12.00
# Visual Studio Version 16
VisualStudioVersion = 16.0.30428.66
MinimumVisualStudioVersion = 10.0.40219.1
Project("{FAE04EC0-301F-11D3-BF4B-00C04F79EFBC}") = "DynamicLinqCore", "DynamicLinqCore\DynamicLinqCore.csproj", "{36B48009-74E4-4013-BBB2-DB8BE9CB5342}"
EndProject
Global
	GlobalSection(SolutionConfigurationPlatforms) = preSolution
		Debug|Any CPU = Debug|Any CPU
		Release|Any CPU = Release|Any CPU
	EndGlobalSection
	GlobalSection(ProjectConfigurationPlatforms) = postSolution
		{36B48009-74E4-4013-BBB2-DB8BE9CB5342}.Debug|Any CPU.ActiveCfg = Debug|Any CPU
		{36B48009-74E4-4013-BBB2-DB8BE9CB5342}.Debug|Any CPU.Build.0 = Debug|Any CPU
		{36B48009-74E4-4013-BBB2-DB8BE9CB5342}.Release|Any CPU.ActiveCfg = Release|Any CPU
		{36B48009-74E4-4013-BBB2-DB8BE9CB5342}.Release|Any CPU.Build.0 = Release|Any CPU
	EndGlobalSection
	GlobalSection(SolutionProperties) = preSolution
		HideSolutionNode = FALSE
	EndGlobalSection
	GlobalSection(ExtensibilityGlobals) = postSolution
		SolutionGuid = {51A4C3A6-53AD-43EF-BCE7-84B2FE9974D3}
	EndGlobalSection
EndGlobal
